
Microsoft Visual Studio Solution File, Format Version 12.00
# Visual Studio Version 16
VisualStudioVersion = 16.0.30413.136
MinimumVisualStudioVersion = 10.0.40219.1
Project("{8BC9CEB8-8B4A-11D0-8D11-00A0C91BC942}") = "OpenPLS", "OpenPLS\OpenPLS.vcxproj", "{F51BE072-B00F-4B7B-AA95-7086285E8ACB}"
EndProject
Global
	GlobalSection(SolutionConfigurationPlatforms) = preSolution
		Debug|x64 = Debug|x64
		Debug|x86 = Debug|x86
		Release|x64 = Release|x64
		Release|x86 = Release|x86
	EndGlobalSection
	GlobalSection(ProjectConfigurationPlatforms) = postSolution
		{F51BE072-B00F-4B7B-AA95-7086285E8ACB}.Debug|x64.ActiveCfg = Debug|x64
		{F51BE072-B00F-4B7B-AA95-7086285E8ACB}.Debug|x64.Build.0 = Debug|x64
		{F51BE072-B00F-4B7B-AA95-7086285E8ACB}.Debug|x86.ActiveCfg = Debug|Win32
		{F51BE072-B00F-4B7B-AA95-7086285E8ACB}.Debug|x86.Build.0 = Debug|Win32
		{F51BE072-B00F-4B7B-AA95-7086285E8ACB}.Release|x64.ActiveCfg = Release|x64
		{F51BE072-B00F-4B7B-AA95-7086285E8ACB}.Release|x64.Build.0 = Release|x64
		{F51BE072-B00F-4B7B-AA95-7086285E8ACB}.Release|x86.ActiveCfg = Release|Win32
		{F51BE072-B00F-4B7B-AA95-7086285E8ACB}.Release|x86.Build.0 = Release|Win32
	EndGlobalSection
	GlobalSection(SolutionProperties) = preSolution
		HideSolutionNode = FALSE
	EndGlobalSection
	GlobalSection(ExtensibilityGlobals) = postSolution
		SolutionGuid = {6B94E428-0431-4728-94D4-21A73A4905BC}
	EndGlobalSection
EndGlobal
